
Microsoft Visual Studio Solution File, Format Version 12.00
# Visual Studio 14
VisualStudioVersion = 14.0.24720.0
MinimumVisualStudioVersion = 10.0.40219.1
Project("{FAE04EC0-301F-11D3-BF4B-00C04F79EFBC}") = "Evolution", "Evolution\Evolution.csproj", "{F2FD4553-CE0A-4615-B1E7-75C5373C14DE}"
EndProject
Project("{FAE04EC0-301F-11D3-BF4B-00C04F79EFBC}") = "EvolutionConsole", "EvolutionConsole\EvolutionConsole.csproj", "{21CA589E-5CC7-405B-B204-4C3978C0E61D}"
EndProject
Global
	GlobalSection(SolutionConfigurationPlatforms) = preSolution
		Debug|Any CPU = Debug|Any CPU
		Release|Any CPU = Release|Any CPU
	EndGlobalSection
	GlobalSection(ProjectConfigurationPlatforms) = postSolution
		{F2FD4553-CE0A-4615-B1E7-75C5373C14DE}.Debug|Any CPU.ActiveCfg = Debug|Any CPU
		{F2FD4553-CE0A-4615-B1E7-75C5373C14DE}.Debug|Any CPU.Build.0 = Debug|Any CPU
		{F2FD4553-CE0A-4615-B1E7-75C5373C14DE}.Release|Any CPU.ActiveCfg = Release|Any CPU
		{F2FD4553-CE0A-4615-B1E7-75C5373C14DE}.Release|Any CPU.Build.0 = Release|Any CPU
		{21CA589E-5CC7-405B-B204-4C3978C0E61D}.Debug|Any CPU.ActiveCfg = Debug|Any CPU
		{21CA589E-5CC7-405B-B204-4C3978C0E61D}.Debug|Any CPU.Build.0 = Debug|Any CPU
		{21CA589E-5CC7-405B-B204-4C3978C0E61D}.Release|Any CPU.ActiveCfg = Release|Any CPU
		{21CA589E-5CC7-405B-B204-4C3978C0E61D}.Release|Any CPU.Build.0 = Release|Any CPU
	EndGlobalSection
	GlobalSection(SolutionProperties) = preSolution
		HideSolutionNode = FALSE
	EndGlobalSection
EndGlobal
